<?xml version="1.0" encoding="utf-8"?>
<Project ToolsVersion="4.0" xmlns="http://schemas.microsoft.com/developer/msbuild/2003">
  <ItemGroup>
    <Filter Include="Source Files">
      <UniqueIdentifier>{4FC737F1-C7A5-4376-A066-2A32D752A2FF}</UniqueIdentifier>
      <Extensions>cpp;c;cc;cxx;def;odl;idl;hpj;bat;asm;asmx</Extensions>
    </Filter>
    <Filter Include="Header Files">
      <UniqueIdentifier>{93995380-89BD-4b04-88EB-625FBE52EBFB}</UniqueIdentifier>
      <Extensions>h;hpp;hxx;hm;inl;inc;xsd</Extensions>
    </Filter>
    <Filter Include="Resource Files">
      <UniqueIdentifier>{67DA6AB6-F800-4c08-8B7A-83BB121AAD01}</UniqueIdentifier>
      <Extensions>rc;ico;cur;bmp;dlg;rc2;rct;bin;rgs;gif;jpg;jpeg;jpe;resx;tiff;tif;png;wav</Extensions>
    </Filter>
    <Filter Include="Base Files">
      <UniqueIdentifier>{8db1734c-5a16-4509-996c-2f0eeb37467d}</UniqueIdentifier>
    </Filter>
    <Filter Include="Include Files">
      <UniqueIdentifier>{6877090d-02c0-4317-9cab-3353fcd7d27a}</UniqueIdentifier>
    </Filter>
    <Filter Include="Http Files">
      <UniqueIdentifier>{16e8ea40-23d3-41cd-9461-8109e2d1f913}</UniqueIdentifier>
    </Filter>
    <Filter Include="Stock Files">
      <UniqueIdentifier>{06e649a0-4b8d-465a-a4fc-48e9798f8362}</UniqueIdentifier>
    </Filter>
    <Filter Include="Stock Files\NetWork">
      <UniqueIdentifier>{be8b2f63-10b1-41b1-b589-701a3637b574}</UniqueIdentifier>
    </Filter>
    <Filter Include="Stock Files\File">
      <UniqueIdentifier>{1a1b1869-502b-4556-9aae-0ce80c7fe1ea}</UniqueIdentifier>
    </Filter>
    <Filter Include="Stock Files\Analyse">
      <UniqueIdentifier>{55822569-93e4-4de8-af5f-4c3461649065}</UniqueIdentifier>
    </Filter>
    <Filter Include="winUI Files">
      <UniqueIdentifier>{471e297d-b44f-4aa8-a411-83242a2bd1cd}</UniqueIdentifier>
    </Filter>
    <Filter Include="winUI Files\Dialog Files">
      <UniqueIdentifier>{41a92a45-6113-4cb3-ae3b-817ed5f6ea0f}</UniqueIdentifier>
    </Filter>
    <Filter Include="winUI Files\Window Files">
      <UniqueIdentifier>{1b5ef93d-fd88-4550-b0b0-5c322f873177}</UniqueIdentifier>
    </Filter>
  </ItemGroup>
  <ItemGroup>
    <ClCompile Include="bangStock.cpp">
      <Filter>Source Files</Filter>
    </ClCompile>
    <ClCompile Include="stdafx.cpp">
      <Filter>Source Files</Filter>
    </ClCompile>
    <ClCompile Include="..\..\Base\CBaseIO.cpp">
      <Filter>Base Files</Filter>
    </ClCompile>
    <ClCompile Include="..\..\Base\CBaseObject.cpp">
      <Filter>Base Files</Filter>
    </ClCompile>
    <ClCompile Include="..\..\Base\CDNSCache.cpp">
      <Filter>Base Files</Filter>
    </ClCompile>
    <ClCompile Include="..\..\Base\CFileIO.cpp">
      <Filter>Base Files</Filter>
    </ClCompile>
    <ClCompile Include="..\..\Base\CHTTPClient.cpp">
      <Filter>Base Files</Filter>
    </ClCompile>
    <ClCompile Include="..\..\Base\CMsgMng.cpp">
      <Filter>Base Files</Filter>
    </ClCompile>
    <ClCompile Include="..\..\Base\CMutexLock.cpp">
      <Filter>Base Files</Filter>
    </ClCompile>
    <ClCompile Include="..\..\Base\CNodeList.cpp">
      <Filter>Base Files</Filter>
    </ClCompile>
    <ClCompile Include="..\..\Base\CRegMng.cpp">
      <Filter>Base Files</Filter>
    </ClCompile>
    <ClCompile Include="..\..\Base\CThreadWork.cpp">
      <Filter>Base Files</Filter>
    </ClCompile>
    <ClCompile Include="..\..\Base\ULogFunc.c">
      <Filter>Base Files</Filter>
    </ClCompile>
    <ClCompile Include="..\..\Base\UMsgMng.cpp">
      <Filter>Base Files</Filter>
    </ClCompile>
    <ClCompile Include="..\..\Base\USystemFunc.cpp">
      <Filter>Base Files</Filter>
    </ClCompile>
    <ClCompile Include="..\..\Base\UThreadFunc.cpp">
      <Filter>Base Files</Filter>
    </ClCompile>
    <ClCompile Include="..\..\Base\UUrlParser.cpp">
      <Filter>Base Files</Filter>
    </ClCompile>
    <ClCompile Include="..\..\Http\CHttpUtil.cpp">
      <Filter>Http Files</Filter>
    </ClCompile>
    <ClCompile Include="..\..\Stock\CDataJson.cpp">
      <Filter>Stock Files\NetWork</Filter>
    </ClCompile>
    <ClCompile Include="..\..\Stock\CStockBase.cpp">
      <Filter>Stock Files\NetWork</Filter>
    </ClCompile>
    <ClCompile Include="..\..\Stock\CStockDayInfo.cpp">
      <Filter>Stock Files\NetWork</Filter>
    </ClCompile>
    <ClCompile Include="..\..\Stock\CStockHisInfo.cpp">
      <Filter>Stock Files\NetWork</Filter>
    </ClCompile>
    <ClCompile Include="..\..\Stock\CStockKXTInfo.cpp">
      <Filter>Stock Files\NetWork</Filter>
    </ClCompile>
    <ClCompile Include="..\..\Stock\CStockMng.cpp">
      <Filter>Stock Files\NetWork</Filter>
    </ClCompile>
    <ClCompile Include="..\..\Stock\CStockRTInfo.cpp">
      <Filter>Stock Files\NetWork</Filter>
    </ClCompile>
    <ClCompile Include="..\..\Stock\CStockRTList.cpp">
      <Filter>Stock Files\NetWork</Filter>
    </ClCompile>
    <ClCompile Include="..\..\Stock\CStockFileBase.cpp">
      <Filter>Stock Files\File</Filter>
    </ClCompile>
    <ClCompile Include="..\..\Stock\CStockFileBuy.cpp">
      <Filter>Stock Files\File</Filter>
    </ClCompile>
    <ClCompile Include="..\..\Stock\CStockFileCode.cpp">
      <Filter>Stock Files\File</Filter>
    </ClCompile>
    <ClCompile Include="..\..\Stock\CStockFileCompInfo.cpp">
      <Filter>Stock Files\File</Filter>
    </ClCompile>
    <ClCompile Include="..\..\Stock\CStockFileFHSP.cpp">
      <Filter>Stock Files\File</Filter>
    </ClCompile>
    <ClCompile Include="..\..\Stock\CStockFileFinance.cpp">
      <Filter>Stock Files\File</Filter>
    </ClCompile>
    <ClCompile Include="..\..\Stock\CStockFileHist.cpp">
      <Filter>Stock Files\File</Filter>
    </ClCompile>
    <ClCompile Include="..\..\Stock\CStockFileHYGN.cpp">
      <Filter>Stock Files\File</Filter>
    </ClCompile>
    <ClCompile Include="..\..\Stock\CStockAnalyseBase.cpp">
      <Filter>Stock Files\Analyse</Filter>
    </ClCompile>
    <ClCompile Include="..\..\Stock\CStockAnalyseBuy00.cpp">
      <Filter>Stock Files\Analyse</Filter>
    </ClCompile>
    <ClCompile Include="..\..\Stock\CStockAnalyseBuy01.cpp">
      <Filter>Stock Files\Analyse</Filter>
    </ClCompile>
    <ClCompile Include="..\..\Stock\CStockAnalyseSell01.cpp">
      <Filter>Stock Files\Analyse</Filter>
    </ClCompile>
    <ClCompile Include="..\..\winUI\CWndMng.cpp">
      <Filter>winUI Files</Filter>
    </ClCompile>
    <ClCompile Include="..\..\winUI\CDlgBase.cpp">
      <Filter>winUI Files\Dialog Files</Filter>
    </ClCompile>
    <ClCompile Include="..\..\winUI\CDlgBuy01.cpp">
      <Filter>winUI Files\Dialog Files</Filter>
    </ClCompile>
    <ClCompile Include="..\..\winUI\CDlgConfig.cpp">
      <Filter>winUI Files\Dialog Files</Filter>
    </ClCompile>
    <ClCompile Include="..\..\winUI\CDlgDataAnalyse.cpp">
      <Filter>winUI Files\Dialog Files</Filter>
    </ClCompile>
    <ClCompile Include="..\..\winUI\CDlgDownLoad.cpp">
      <Filter>winUI Files\Dialog Files</Filter>
    </ClCompile>
    <ClCompile Include="..\..\winUI\CDlgKXTStudy.cpp">
      <Filter>winUI Files\Dialog Files</Filter>
    </ClCompile>
    <ClCompile Include="..\..\winUI\CDlgSellMsg.cpp">
      <Filter>winUI Files\Dialog Files</Filter>
    </ClCompile>
    <ClCompile Include="..\..\winUI\CDlgStockInfo.cpp">
      <Filter>winUI Files\Dialog Files</Filter>
    </ClCompile>
    <ClCompile Include="..\..\winUI\CDlgStockSelect.cpp">
      <Filter>winUI Files\Dialog Files</Filter>
    </ClCompile>
    <ClCompile Include="..\..\winUI\CBaseGraphics.cpp">
      <Filter>winUI Files\Window Files</Filter>
    </ClCompile>
    <ClCompile Include="..\..\winUI\CWndBase.cpp">
      <Filter>winUI Files\Window Files</Filter>
    </ClCompile>
    <ClCompile Include="..\..\winUI\CWndCompInfo.cpp">
      <Filter>winUI Files\Window Files</Filter>
    </ClCompile>
    <ClCompile Include="..\..\winUI\CWndDayInfo.cpp">
      <Filter>winUI Files\Window Files</Filter>
    </ClCompile>
    <ClCompile Include="..\..\winUI\CWndKXTInfo.cpp">
      <Filter>winUI Files\Window Files</Filter>
    </ClCompile>
    <ClCompile Include="..\..\winUI\CWndKXTSelect.cpp">
      <Filter>winUI Files\Window Files</Filter>
    </ClCompile>
    <ClCompile Include="..\..\winUI\CWndKXTView.cpp">
      <Filter>winUI Files\Window Files</Filter>
    </ClCompile>
    <ClCompile Include="..\..\winUI\CWndRTInfo.cpp">
      <Filter>winUI Files\Window Files</Filter>
    </ClCompile>
    <ClCompile Include="..\..\winUI\CWndSelection.cpp">
      <Filter>winUI Files\Window Files</Filter>
    </ClCompile>
  </ItemGroup>
  <ItemGroup>
    <ClInclude Include="bangStock.h">
      <Filter>Header Files</Filter>
    </ClInclude>
    <ClInclude Include="Resource.h">
      <Filter>Header Files</Filter>
    </ClInclude>
    <ClInclude Include="stdafx.h">
      <Filter>Header Files</Filter>
    </ClInclude>
    <ClInclude Include="targetver.h">
      <Filter>Header Files</Filter>
    </ClInclude>
    <ClInclude Include="..\..\Base\CBaseIO.h">
      <Filter>Base Files</Filter>
    </ClInclude>
    <ClInclude Include="..\..\Base\CBaseObject.h">
      <Filter>Base Files</Filter>
    </ClInclude>
    <ClInclude Include="..\..\Base\CDNSCache.h">
      <Filter>Base Files</Filter>
    </ClInclude>
    <ClInclude Include="..\..\Base\CFileIO.h">
      <Filter>Base Files</Filter>
    </ClInclude>
    <ClInclude Include="..\..\Base\CHTTPClient.h">
      <Filter>Base Files</Filter>
    </ClInclude>
    <ClInclude Include="..\..\Base\CMsgMng.h">
      <Filter>Base Files</Filter>
    </ClInclude>
    <ClInclude Include="..\..\Base\CMutexLock.h">
      <Filter>Base Files</Filter>
    </ClInclude>
    <ClInclude Include="..\..\Base\CNodeList.h">
      <Filter>Base Files</Filter>
    </ClInclude>
    <ClInclude Include="..\..\Base\CRegMng.h">
      <Filter>Base Files</Filter>
    </ClInclude>
    <ClInclude Include="..\..\Base\CThreadWork.h">
      <Filter>Base Files</Filter>
    </ClInclude>
    <ClInclude Include="..\..\Base\ULogFunc.h">
      <Filter>Base Files</Filter>
    </ClInclude>
    <ClInclude Include="..\..\Base\UMsgMng.h">
      <Filter>Base Files</Filter>
    </ClInclude>
    <ClInclude Include="..\..\Base\USystemFunc.h">
      <Filter>Base Files</Filter>
    </ClInclude>
    <ClInclude Include="..\..\Base\UThreadFunc.h">
      <Filter>Base Files</Filter>
    </ClInclude>
    <ClInclude Include="..\..\Base\UUrlParser.h">
      <Filter>Base Files</Filter>
    </ClInclude>
    <ClInclude Include="..\..\Include\qcDef.h">
      <Filter>Include Files</Filter>
    </ClInclude>
    <ClInclude Include="..\..\Include\qcErr.h">
      <Filter>Include Files</Filter>
    </ClInclude>
    <ClInclude Include="..\..\Include\qcIO.h">
      <Filter>Include Files</Filter>
    </ClInclude>
    <ClInclude Include="..\..\Include\qcMsg.h">
      <Filter>Include Files</Filter>
    </ClInclude>
    <ClInclude Include="..\..\Include\qcType.h">
      <Filter>Include Files</Filter>
    </ClInclude>
    <ClInclude Include="..\..\Http\CHttpUtil.h">
      <Filter>Http Files</Filter>
    </ClInclude>
    <ClInclude Include="..\..\Include\qcStock.h">
      <Filter>Stock Files</Filter>
    </ClInclude>
    <ClInclude Include="..\..\Stock\CDataJson.h">
      <Filter>Stock Files\NetWork</Filter>
    </ClInclude>
    <ClInclude Include="..\..\Stock\CStockBase.h">
      <Filter>Stock Files\NetWork</Filter>
    </ClInclude>
    <ClInclude Include="..\..\Stock\CStockDayInfo.h">
      <Filter>Stock Files\NetWork</Filter>
    </ClInclude>
    <ClInclude Include="..\..\Stock\CStockHistInfo.h">
      <Filter>Stock Files\NetWork</Filter>
    </ClInclude>
    <ClInclude Include="..\..\Stock\CStockKXTInfo.h">
      <Filter>Stock Files\NetWork</Filter>
    </ClInclude>
    <ClInclude Include="..\..\Stock\CStockMng.h">
      <Filter>Stock Files\NetWork</Filter>
    </ClInclude>
    <ClInclude Include="..\..\Stock\CStockRTList.h">
      <Filter>Stock Files\NetWork</Filter>
    </ClInclude>
    <ClInclude Include="..\..\Stock\CStockFileBase.h">
      <Filter>Stock Files\File</Filter>
    </ClInclude>
    <ClInclude Include="..\..\Stock\CStockFileBuy.h">
      <Filter>Stock Files\File</Filter>
    </ClInclude>
    <ClInclude Include="..\..\Stock\CStockFileCode.h">
      <Filter>Stock Files\File</Filter>
    </ClInclude>
    <ClInclude Include="..\..\Stock\CStockFileCompInfo.h">
      <Filter>Stock Files\File</Filter>
    </ClInclude>
    <ClInclude Include="..\..\Stock\CStockFileFHSP.h">
      <Filter>Stock Files\File</Filter>
    </ClInclude>
    <ClInclude Include="..\..\Stock\CStockFileFinance.h">
      <Filter>Stock Files\File</Filter>
    </ClInclude>
    <ClInclude Include="..\..\Stock\CStockFileHist.h">
      <Filter>Stock Files\File</Filter>
    </ClInclude>
    <ClInclude Include="..\..\Stock\CStockFileHYGN.h">
      <Filter>Stock Files\File</Filter>
    </ClInclude>
    <ClInclude Include="..\..\Stock\CStockAnalyseBase.h">
      <Filter>Stock Files\Analyse</Filter>
    </ClInclude>
    <ClInclude Include="..\..\Stock\CStockAnalyseBuy00.h">
      <Filter>Stock Files\Analyse</Filter>
    </ClInclude>
    <ClInclude Include="..\..\Stock\CStockAnalyseBuy01.h">
      <Filter>Stock Files\Analyse</Filter>
    </ClInclude>
    <ClInclude Include="..\..\Stock\CStockAnalyseSell01.h">
      <Filter>Stock Files\Analyse</Filter>
    </ClInclude>
    <ClInclude Include="..\..\winUI\CWndMng.h">
      <Filter>winUI Files</Filter>
    </ClInclude>
    <ClInclude Include="..\..\winUI\CDlgBase.h">
      <Filter>winUI Files\Dialog Files</Filter>
    </ClInclude>
    <ClInclude Include="..\..\winUI\CDlgBuy01.h">
      <Filter>winUI Files\Dialog Files</Filter>
    </ClInclude>
    <ClInclude Include="..\..\winUI\CDlgConfig.h">
      <Filter>winUI Files\Dialog Files</Filter>
    </ClInclude>
    <ClInclude Include="..\..\winUI\CDlgDataAnalyse.h">
      <Filter>winUI Files\Dialog Files</Filter>
    </ClInclude>
    <ClInclude Include="..\..\winUI\CDlgDownLoad.h">
      <Filter>winUI Files\Dialog Files</Filter>
    </ClInclude>
    <ClInclude Include="..\..\winUI\CDlgKXTStudy.h">
      <Filter>winUI Files\Dialog Files</Filter>
    </ClInclude>
    <ClInclude Include="..\..\winUI\CDlgSellMsg.h">
      <Filter>winUI Files\Dialog Files</Filter>
    </ClInclude>
    <ClInclude Include="..\..\winUI\CDlgStockInfo.h">
      <Filter>winUI Files\Dialog Files</Filter>
    </ClInclude>
    <ClInclude Include="..\..\winUI\CDlgStockSelect.h">
      <Filter>winUI Files\Dialog Files</Filter>
    </ClInclude>
    <ClInclude Include="..\..\winUI\CBaseGraphics.h">
      <Filter>winUI Files\Window Files</Filter>
    </ClInclude>
    <ClInclude Include="..\..\winUI\CWndBase.h">
      <Filter>winUI Files\Window Files</Filter>
    </ClInclude>
    <ClInclude Include="..\..\winUI\CWndCompInfo.h">
      <Filter>winUI Files\Window Files</Filter>
    </ClInclude>
    <ClInclude Include="..\..\winUI\CWndKXTInfo.h">
      <Filter>winUI Files\Window Files</Filter>
    </ClInclude>
    <ClInclude Include="..\..\winUI\CWndKXTSelect.h">
      <Filter>winUI Files\Window Files</Filter>
    </ClInclude>
    <ClInclude Include="..\..\winUI\CWndKXTView.h">
      <Filter>winUI Files\Window Files</Filter>
    </ClInclude>
    <ClInclude Include="..\..\winUI\CWndRTInfo.h">
      <Filter>winUI Files\Window Files</Filter>
    </ClInclude>
    <ClInclude Include="..\..\winUI\CWndSelection.h">
      <Filter>winUI Files\Window Files</Filter>
    </ClInclude>
  </ItemGroup>
  <ItemGroup>
    <Image Include="bangStock.ico">
      <Filter>Resource Files</Filter>
    </Image>
    <Image Include="icon1.ico">
      <Filter>Resource Files</Filter>
    </Image>
    <Image Include="small.ico">
      <Filter>Resource Files</Filter>
    </Image>
  </ItemGroup>
  <ItemGroup>
    <ResourceCompile Include="bangStock.rc">
      <Filter>Resource Files</Filter>
    </ResourceCompile>
  </ItemGroup>
  <ItemGroup>
    <Text Include="ReadMe.txt" />
  </ItemGroup>
  <ItemGroup>
    <CustomBuild Include="..\..\Stock\CStockRTInfo.h">
      <Filter>Stock Files\NetWork</Filter>
    </CustomBuild>
    <CustomBuild Include="..\..\winUI\CWndDayInfo.h">
      <Filter>winUI Files\Window Files</Filter>
    </CustomBuild>
  </ItemGroup>
</Project>